
Microsoft Visual Studio Solution File, Format Version 12.00
# Visual Studio Version 17
VisualStudioVersion = 17.4.33213.308
MinimumVisualStudioVersion = 10.0.40219.1
Project("{9A19103F-16F7-4668-BE54-9A1E7A4F7556}") = "RecipeManager", "RecipeManager\RecipeManager.csproj", "{5441BB54-D7A6-440E-BE02-84D62138269D}"
EndProject
Project("{FAE04EC0-301F-11D3-BF4B-00C04F79EFBC}") = "RecipeManager.Tests", "RecipeManager.Tests\RecipeManager.Tests.csproj", "{88914F51-2C3D-4597-8A9D-4DDD4E2ED68E}"
EndProject
Global
	GlobalSection(SolutionConfigurationPlatforms) = preSolution
		Debug|Any CPU = Debug|Any CPU
		Release|Any CPU = Release|Any CPU
	EndGlobalSection
	GlobalSection(ProjectConfigurationPlatforms) = postSolution
		{5441BB54-D7A6-440E-BE02-84D62138269D}.Debug|Any CPU.ActiveCfg = Debug|Any CPU
		{5441BB54-D7A6-440E-BE02-84D62138269D}.Debug|Any CPU.Build.0 = Debug|Any CPU
		{5441BB54-D7A6-440E-BE02-84D62138269D}.Release|Any CPU.ActiveCfg = Release|Any CPU
		{5441BB54-D7A6-440E-BE02-84D62138269D}.Release|Any CPU.Build.0 = Release|Any CPU
		{88914F51-2C3D-4597-8A9D-4DDD4E2ED68E}.Debug|Any CPU.ActiveCfg = Debug|Any CPU
		{88914F51-2C3D-4597-8A9D-4DDD4E2ED68E}.Debug|Any CPU.Build.0 = Debug|Any CPU
		{88914F51-2C3D-4597-8A9D-4DDD4E2ED68E}.Release|Any CPU.ActiveCfg = Release|Any CPU
		{88914F51-2C3D-4597-8A9D-4DDD4E2ED68E}.Release|Any CPU.Build.0 = Release|Any CPU
	EndGlobalSection
	GlobalSection(SolutionProperties) = preSolution
		HideSolutionNode = FALSE
	EndGlobalSection
	GlobalSection(ExtensibilityGlobals) = postSolution
		SolutionGuid = {ADB35D3C-E343-4F39-8013-03B26B47A6E5}
	EndGlobalSection
EndGlobal
